
Microsoft Visual Studio Solution File, Format Version 12.00
# Visual Studio Version 17
VisualStudioVersion = 17.5.002.0
MinimumVisualStudioVersion = 10.0.40219.1
Project("{9A19103F-16F7-4668-BE54-9A1E7A4F7556}") = "API", "API.csproj", "{7C1D1202-FCBD-4B4A-9D7D-D6836CC224F2}"
EndProject
Global
	GlobalSection(SolutionConfigurationPlatforms) = preSolution
		Debug|Any CPU = Debug|Any CPU
		Release|Any CPU = Release|Any CPU
	EndGlobalSection
	GlobalSection(ProjectConfigurationPlatforms) = postSolution
		{7C1D1202-FCBD-4B4A-9D7D-D6836CC224F2}.Debug|Any CPU.ActiveCfg = Debug|Any CPU
		{7C1D1202-FCBD-4B4A-9D7D-D6836CC224F2}.Debug|Any CPU.Build.0 = Debug|Any CPU
		{7C1D1202-FCBD-4B4A-9D7D-D6836CC224F2}.Release|Any CPU.ActiveCfg = Release|Any CPU
		{7C1D1202-FCBD-4B4A-9D7D-D6836CC224F2}.Release|Any CPU.Build.0 = Release|Any CPU
	EndGlobalSection
	GlobalSection(SolutionProperties) = preSolution
		HideSolutionNode = FALSE
	EndGlobalSection
	GlobalSection(ExtensibilityGlobals) = postSolution
		SolutionGuid = {DBD67141-4004-4714-A696-A25FE9731727}
	EndGlobalSection
EndGlobal
